
Microsoft Visual Studio Solution File, Format Version 12.00
# Visual Studio Version 17
VisualStudioVersion = 17.10.35027.167
MinimumVisualStudioVersion = 10.0.40219.1
Project("{FAE04EC0-301F-11D3-BF4B-00C04F79EFBC}") = "gh_textRPG", "gh_textRPG\gh_textRPG.csproj", "{ECD0D35D-F6F1-4092-BA07-6E4C6E7FB921}"
EndProject
Global
	GlobalSection(SolutionConfigurationPlatforms) = preSolution
		Debug|Any CPU = Debug|Any CPU
		Release|Any CPU = Release|Any CPU
	EndGlobalSection
	GlobalSection(ProjectConfigurationPlatforms) = postSolution
		{ECD0D35D-F6F1-4092-BA07-6E4C6E7FB921}.Debug|Any CPU.ActiveCfg = Debug|Any CPU
		{ECD0D35D-F6F1-4092-BA07-6E4C6E7FB921}.Debug|Any CPU.Build.0 = Debug|Any CPU
		{ECD0D35D-F6F1-4092-BA07-6E4C6E7FB921}.Release|Any CPU.ActiveCfg = Release|Any CPU
		{ECD0D35D-F6F1-4092-BA07-6E4C6E7FB921}.Release|Any CPU.Build.0 = Release|Any CPU
	EndGlobalSection
	GlobalSection(SolutionProperties) = preSolution
		HideSolutionNode = FALSE
	EndGlobalSection
	GlobalSection(ExtensibilityGlobals) = postSolution
		SolutionGuid = {BA420608-E133-4A8A-8F06-F1CF32329620}
	EndGlobalSection
EndGlobal
